// !$*UTF8*$!
{
	archiveVersion = 1;
	classes = {
	};
	objectVersion = 46;
	objects = {

/* Begin PBXBuildFile section */
		4417BDB51B41C67D0030A354 /* AppDelegate.swift in Sources */ = {isa = PBXBuildFile; fileRef = 4417BDB41B41C67D0030A354 /* AppDelegate.swift */; };
		4417BDB71B41C67D0030A354 /* ViewController.swift in Sources */ = {isa = PBXBuildFile; fileRef = 4417BDB61B41C67D0030A354 /* ViewController.swift */; };
		4417BDBA1B41C67D0030A354 /* Main.storyboard in Resources */ = {isa = PBXBuildFile; fileRef = 4417BDB81B41C67D0030A354 /* Main.storyboard */; };
		4417BDBC1B41C67D0030A354 /* Images.xcassets in Resources */ = {isa = PBXBuildFile; fileRef = 4417BDBB1B41C67D0030A354 /* Images.xcassets */; };
		4417BDBF1B41C67D0030A354 /* LaunchScreen.xib in Resources */ = {isa = PBXBuildFile; fileRef = 4417BDBD1B41C67D0030A354 /* LaunchScreen.xib */; };
		4417BDCB1B41C67D0030A354 /* BFGAlertControllerExampleTests.swift in Sources */ = {isa = PBXBuildFile; fileRef = 4417BDCA1B41C67D0030A354 /* BFGAlertControllerExampleTests.swift */; };
/* End PBXBuildFile section */

/* Begin PBXContainerItemProxy section */
		4417BDC51B41C67D0030A354 /* PBXContainerItemProxy */ = {
			isa = PBXContainerItemProxy;
			containerPortal = 4417BDA71B41C67D0030A354 /* Project object */;
			proxyType = 1;
			remoteGlobalIDString = 4417BDAE1B41C67D0030A354;
			remoteInfo = BFGAlertControllerExample;
		};
/* End PBXContainerItemProxy section */

/* Begin PBXFileReference section */
		4417BDAF1B41C67D0030A354 /* BFGAlertControllerExample.app */ = {isa = PBXFileReference; explicitFileType = wrapper.application; includeInIndex = 0; path = BFGAlertControllerExample.app; sourceTree = BUILT_PRODUCTS_DIR; };
		4417BDB31B41C67D0030A354 /* Info.plist */ = {isa = PBXFileReference; lastKnownFileType = text.plist.xml; path = Info.plist; sourceTree = "<group>"; };
		4417BDB41B41C67D0030A354 /* AppDelegate.swift */ = {isa = PBXFileReference; lastKnownFileType = sourcecode.swift; path = AppDelegate.swift; sourceTree = "<group>"; };
		4417BDB61B41C67D0030A354 /* ViewController.swift */ = {isa = PBXFileReference; lastKnownFileType = sourcecode.swift; path = ViewController.swift; sourceTree = "<group>"; };
		4417BDB91B41C67D0030A354 /* Base */ = {isa = PBXFileReference; lastKnownFileType = file.storyboard; name = Base; path = Base.lproj/Main.storyboard; sourceTree = "<group>"; };
		4417BDBB1B41C67D0030A354 /* Images.xcassets */ = {isa = PBXFileReference; lastKnownFileType = folder.assetcatalog; path = Images.xcassets; sourceTree = "<group>"; };
		4417BDBE1B41C67D0030A354 /* Base */ = {isa = PBXFileReference; lastKnownFileType = file.xib; name = Base; path = Base.lproj/LaunchScreen.xib; sourceTree = "<group>"; };
		4417BDC41B41C67D0030A354 /* BFGAlertControllerExampleTests.xctest */ = {isa = PBXFileReference; explicitFileType = wrapper.cfbundle; includeInIndex = 0; path = BFGAlertControllerExampleTests.xctest; sourceTree = BUILT_PRODUCTS_DIR; };
		4417BDC91B41C67D0030A354 /* Info.plist */ = {isa = PBXFileReference; lastKnownFileType = text.plist.xml; path = Info.plist; sourceTree = "<group>"; };
		4417BDCA1B41C67D0030A354 /* BFGAlertControllerExampleTests.swift */ = {isa = PBXFileReference; lastKnownFileType = sourcecode.swift; path = BFGAlertControllerExampleTests.swift; sourceTree = "<group>"; };
/* End PBXFileReference section */

/* Begin PBXFrameworksBuildPhase section */
		4417BDAC1B41C67D0030A354 /* Frameworks */ = {
			isa = PBXFrameworksBuildPhase;
			buildActionMask = 2147483647;
			files = (
			);
			runOnlyForDeploymentPostprocessing = 0;
		};
		4417BDC11B41C67D0030A354 /* Frameworks */ = {
			isa = PBXFrameworksBuildPhase;
			buildActionMask = 2147483647;
			files = (
			);
			runOnlyForDeploymentPostprocessing = 0;
		};
/* End PBXFrameworksBuildPhase section */

/* Begin PBXGroup section */
		4417BDA61B41C67D0030A354 = {
			isa = PBXGroup;
			children = (
				4417BDB11B41C67D0030A354 /* BFGAlertControllerExample */,
				4417BDC71B41C67D0030A354 /* BFGAlertControllerExampleTests */,
				4417BDB01B41C67D0030A354 /* Products */,
			);
			sourceTree = "<group>";
		};
		4417BDB01B41C67D0030A354 /* Products */ = {
			isa = PBXGroup;
			children = (
				4417BDAF1B41C67D0030A354 /* BFGAlertControllerExample.app */,
				4417BDC41B41C67D0030A354 /* BFGAlertControllerExampleTests.xctest */,
			);
			name = Products;
			sourceTree = "<group>";
		};
		4417BDB11B41C67D0030A354 /* BFGAlertControllerExample */ = {
			isa = PBXGroup;
			children = (
				4417BDB41B41C67D0030A354 /* AppDelegate.swift */,
				4417BDB61B41C67D0030A354 /* ViewController.swift */,
				4417BDB81B41C67D0030A354 /* Main.storyboard */,
				4417BDBB1B41C67D0030A354 /* Images.xcassets */,
				4417BDBD1B41C67D0030A354 /* LaunchScreen.xib */,
				4417BDB21B41C67D0030A354 /* Supporting Files */,
			);
			path = BFGAlertControllerExample;
			sourceTree = "<group>";
		};
		4417BDB21B41C67D0030A354 /* Supporting Files */ = {
			isa = PBXGroup;
			children = (
				4417BDB31B41C67D0030A354 /* Info.plist */,
			);
			name = "Supporting Files";
			sourceTree = "<group>";
		};
		4417BDC71B41C67D0030A354 /* BFGAlertControllerExampleTests */ = {
			isa = PBXGroup;
			children = (
				4417BDCA1B41C67D0030A354 /* BFGAlertControllerExampleTests.swift */,
				4417BDC81B41C67D0030A354 /* Supporting Files */,
			);
			path = BFGAlertControllerExampleTests;
			sourceTree = "<group>";
		};
		4417BDC81B41C67D0030A354 /* Supporting Files */ = {
			isa = PBXGroup;
			children = (
				4417BDC91B41C67D0030A354 /* Info.plist */,
			);
			name = "Supporting Files";
			sourceTree = "<group>";
		};
/* End PBXGroup section */

/* Begin PBXNativeTarget section */
		4417BDAE1B41C67D0030A354 /* BFGAlertControllerExample */ = {
			isa = PBXNativeTarget;
			buildConfigurationList = 4417BDCE1B41C67D0030A354 /* Build configuration list for PBXNativeTarget "BFGAlertControllerExample" */;
			buildPhases = (
				4417BDAB1B41C67D0030A354 /* Sources */,
				4417BDAC1B41C67D0030A354 /* Frameworks */,
				4417BDAD1B41C67D0030A354 /* Resources */,
			);
			buildRules = (
			);
			dependencies = (
			);
			name = BFGAlertControllerExample;
			productName = BFGAlertControllerExample;
			productReference = 4417BDAF1B41C67D0030A354 /* BFGAlertControllerExample.app */;
			productType = "com.apple.product-type.application";
		};
		4417BDC31B41C67D0030A354 /* BFGAlertControllerExampleTests */ = {
			isa = PBXNativeTarget;
			buildConfigurationList = 4417BDD11B41C67D0030A354 /* Build configuration list for PBXNativeTarget "BFGAlertControllerExampleTests" */;
			buildPhases = (
				4417BDC01B41C67D0030A354 /* Sources */,
				4417BDC11B41C67D0030A354 /* Frameworks */,
				4417BDC21B41C67D0030A354 /* Resources */,
			);
			buildRules = (
			);
			dependencies = (
				4417BDC61B41C67D0030A354 /* PBXTargetDependency */,
			);
			name = BFGAlertControllerExampleTests;
			productName = BFGAlertControllerExampleTests;
			productReference = 4417BDC41B41C67D0030A354 /* BFGAlertControllerExampleTests.xctest */;
			productType = "com.apple.product-type.bundle.unit-test";
		};
/* End PBXNativeTarget section */

/* Begin PBXProject section */
		4417BDA71B41C67D0030A354 /* Project object */ = {
			isa = PBXProject;
			attributes = {
				LastUpgradeCheck = 0630;
				ORGANIZATIONNAME = "Black Fog Interactive";
				TargetAttributes = {
					4417BDAE1B41C67D0030A354 = {
						CreatedOnToolsVersion = 6.3.2;
					};
					4417BDC31B41C67D0030A354 = {
						CreatedOnToolsVersion = 6.3.2;
						TestTargetID = 4417BDAE1B41C67D0030A354;
					};
				};
			};
			buildConfigurationList = 4417BDAA1B41C67D0030A354 /* Build configuration list for PBXProject "BFGAlertControllerExample" */;
			compatibilityVersion = "Xcode 3.2";
			developmentRegion = English;
			hasScannedForEncodings = 0;
			knownRegions = (
				en,
				Base,
			);
			mainGroup = 4417BDA61B41C67D0030A354;
			productRefGroup = 4417BDB01B41C67D0030A354 /* Products */;
			projectDirPath = "";
			projectRoot = "";
			targets = (
				4417BDAE1B41C67D0030A354 /* BFGAlertControllerExample */,
				4417BDC31B41C67D0030A354 /* BFGAlertControllerExampleTests */,
			);
		};
/* End PBXProject section */

/* Begin PBXResourcesBuildPhase section */
		4417BDAD1B41C67D0030A354 /* Resources */ = {
			isa = PBXResourcesBuildPhase;
			buildActionMask = 2147483647;
			files = (
				4417BDBA1B41C67D0030A354 /* Main.storyboard in Resources */,
				4417BDBF1B41C67D0030A354 /* LaunchScreen.xib in Resources */,
				4417BDBC1B41C67D0030A354 /* Images.xcassets in Resources */,
			);
			runOnlyForDeploymentPostprocessing = 0;
		};
		4417BDC21B41C67D0030A354 /* Resources */ = {
			isa = PBXResourcesBuildPhase;
			buildActionMask = 2147483647;
			files = (
			);
			runOnlyForDeploymentPostprocessing = 0;
		};
/* End PBXResourcesBuildPhase section */

/* Begin PBXSourcesBuildPhase section */
		4417BDAB1B41C67D0030A354 /* Sources */ = {
			isa = PBXSourcesBuildPhase;
			buildActionMask = 2147483647;
			files = (
				4417BDB71B41C67D0030A354 /* ViewController.swift in Sources */,
				4417BDB51B41C67D0030A354 /* AppDelegate.swift in Sources */,
			);
			runOnlyForDeploymentPostprocessing = 0;
		};
		4417BDC01B41C67D0030A354 /* Sources */ = {
			isa = PBXSourcesBuildPhase;
			buildActionMask = 2147483647;
			files = (
				4417BDCB1B41C67D0030A354 /* BFGAlertControllerExampleTests.swift in Sources */,
			);
			runOnlyForDeploymentPostprocessing = 0;
		};
/* End PBXSourcesBuildPhase section */

/* Begin PBXTargetDependency section */
		4417BDC61B41C67D0030A354 /* PBXTargetDependency */ = {
			isa = PBXTargetDependency;
			target = 4417BDAE1B41C67D0030A354 /* BFGAlertControllerExample */;
			targetProxy = 4417BDC51B41C67D0030A354 /* PBXContainerItemProxy */;
		};
/* End PBXTargetDependency section */

/* Begin PBXVariantGroup section */
		4417BDB81B41C67D0030A354 /* Main.storyboard */ = {
			isa = PBXVariantGroup;
			children = (
				4417BDB91B41C67D0030A354 /* Base */,
			);
			name = Main.storyboard;
			sourceTree = "<group>";
		};
		4417BDBD1B41C67D0030A354 /* LaunchScreen.xib */ = {
			isa = PBXVariantGroup;
			children = (
				4417BDBE1B41C67D0030A354 /* Base */,
			);
			name = LaunchScreen.xib;
			sourceTree = "<group>";
		};
/* End PBXVariantGroup section */

/* Begin XCBuildConfiguration section */
		4417BDCC1B41C67D0030A354 /* Debug */ = {
			isa = XCBuildConfiguration;
			buildSettings = {
				ALWAYS_SEARCH_USER_PATHS = NO;
				CLANG_CXX_LANGUAGE_STANDARD = "gnu++0x";
				CLANG_CXX_LIBRARY = "libc++";
				CLANG_ENABLE_MODULES = YES;
				CLANG_ENABLE_OBJC_ARC = YES;
				CLANG_WARN_BOOL_CONVERSION = YES;
				CLANG_WARN_CONSTANT_CONVERSION = YES;
				CLANG_WARN_DIRECT_OBJC_ISA_USAGE = YES_ERROR;
				CLANG_WARN_EMPTY_BODY = YES;
				CLANG_WARN_ENUM_CONVERSION = YES;
				CLANG_WARN_INT_CONVERSION = YES;
				CLANG_WARN_OBJC_ROOT_CLASS = YES_ERROR;
				CLANG_WARN_UNREACHABLE_CODE = YES;
				CLANG_WARN__DUPLICATE_METHOD_MATCH = YES;
				"CODE_SIGN_IDENTITY[sdk=iphoneos*]" = "iPhone Developer";
				COPY_PHASE_STRIP = NO;
				DEBUG_INFORMATION_FORMAT = "dwarf-with-dsym";
				ENABLE_STRICT_OBJC_MSGSEND = YES;
				GCC_C_LANGUAGE_STANDARD = gnu99;
				GCC_DYNAMIC_NO_PIC = NO;
				GCC_NO_COMMON_BLOCKS = YES;
				GCC_OPTIMIZATION_LEVEL = 0;
				GCC_PREPROCESSOR_DEFINITIONS = (
					"DEBUG=1",
					"$(inherited)",
				);
				GCC_SYMBOLS_PRIVATE_EXTERN = NO;
				GCC_WARN_64_TO_32_BIT_CONVERSION = YES;
				GCC_WARN_ABOUT_RETURN_TYPE = YES_ERROR;
				GCC_WARN_UNDECLARED_SELECTOR = YES;
				GCC_WARN_UNINITIALIZED_AUTOS = YES_AGGRESSIVE;
				GCC_WARN_UNUSED_FUNCTION = YES;
				GCC_WARN_UNUSED_VARIABLE = YES;
				IPHONEOS_DEPLOYMENT_TARGET = 8.3;
				MTL_ENABLE_DEBUG_INFO = YES;
				ONLY_ACTIVE_ARCH = YES;
				SDKROOT = iphoneos;
				SWIFT_OPTIMIZATION_LEVEL = "-Onone";
				TARGETED_DEVICE_FAMILY = "1,2";
			};
			name = Debug;
		};
		4417BDCD1B41C67D0030A354 /* Release */ = {
			isa = XCBuildConfiguration;
			buildSettings = {
				ALWAYS_SEARCH_USER_PATHS = NO;
				CLANG_CXX_LANGUAGE_STANDARD = "gnu++0x";
				CLANG_CXX_LIBRARY = "libc++";
				CLANG_ENABLE_MODULES = YES;
				CLANG_ENABLE_OBJC_ARC = YES;
				CLANG_WARN_BOOL_CONVERSION = YES;
				CLANG_WARN_CONSTANT_CONVERSION = YES;
				CLANG_WARN_DIRECT_OBJC_ISA_USAGE = YES_ERROR;
				CLANG_WARN_EMPTY_BODY = YES;
				CLANG_WARN_ENUM_CONVERSION = YES;
				CLANG_WARN_INT_CONVERSION = YES;
				CLANG_WARN_OBJC_ROOT_CLASS = YES_ERROR;
				CLANG_WARN_UNREACHABLE_CODE = YES;
				CLANG_WARN__DUPLICATE_METHOD_MATCH = YES;
				"CODE_SIGN_IDENTITY[sdk=iphoneos*]" = "iPhone Developer";
				COPY_PHASE_STRIP = NO;
				DEBUG_INFORMATION_FORMAT = "dwarf-with-dsym";
				ENABLE_NS_ASSERTIONS = NO;
				ENABLE_STRICT_OBJC_MSGSEND = YES;
				GCC_C_LANGUAGE_STANDARD = gnu99;
				GCC_NO_COMMON_BLOCKS = YES;
				GCC_WARN_64_TO_32_BIT_CONVERSION = YES;
				GCC_WARN_ABOUT_RETURN_TYPE = YES_ERROR;
				GCC_WARN_UNDECLARED_SELECTOR = YES;
				GCC_WARN_UNINITIALIZED_AUTOS = YES_AGGRESSIVE;
				GCC_WARN_UNUSED_FUNCTION = YES;
				GCC_WARN_UNUSED_VARIABLE = YES;
				IPHONEOS_DEPLOYMENT_TARGET = 8.3;
				MTL_ENABLE_DEBUG_INFO = NO;
				SDKROOT = iphoneos;
				TARGETED_DEVICE_FAMILY = "1,2";
				VALIDATE_PRODUCT = YES;
			};
			name = Release;
		};
		4417BDCF1B41C67D0030A354 /* Debug */ = {
			isa = XCBuildConfiguration;
			buildSettings = {
				ASSETCATALOG_COMPILER_APPICON_NAME = AppIcon;
				INFOPLIST_FILE = BFGAlertControllerExample/Info.plist;
				LD_RUNPATH_SEARCH_PATHS = "$(inherited) @executable_path/Frameworks";
				PRODUCT_NAME = "$(TARGET_NAME)";
			};
			name = Debug;
		};
		4417BDD01B41C67D0030A354 /* Release */ = {
			isa = XCBuildConfiguration;
			buildSettings = {
				ASSETCATALOG_COMPILER_APPICON_NAME = AppIcon;
				INFOPLIST_FILE = BFGAlertControllerExample/Info.plist;
				LD_RUNPATH_SEARCH_PATHS = "$(inherited) @executable_path/Frameworks";
				PRODUCT_NAME = "$(TARGET_NAME)";
			};
			name = Release;
		};
		4417BDD21B41C67D0030A354 /* Debug */ = {
			isa = XCBuildConfiguration;
			buildSettings = {
				BUNDLE_LOADER = "$(TEST_HOST)";
				FRAMEWORK_SEARCH_PATHS = (
					"$(SDKROOT)/Developer/Library/Frameworks",
					"$(inherited)",
				);
				GCC_PREPROCESSOR_DEFINITIONS = (
					"DEBUG=1",
					"$(inherited)",
				);
				INFOPLIST_FILE = BFGAlertControllerExampleTests/Info.plist;
				LD_RUNPATH_SEARCH_PATHS = "$(inherited) @executable_path/Frameworks @loader_path/Frameworks";
				PRODUCT_NAME = "$(TARGET_NAME)";
				TEST_HOST = "$(BUILT_PRODUCTS_DIR)/BFGAlertControllerExample.app/BFGAlertControllerExample";
			};
			name = Debug;
		};
		4417BDD31B41C67D0030A354 /* Release */ = {
			isa = XCBuildConfiguration;
			buildSettings = {
				BUNDLE_LOADER = "$(TEST_HOST)";
				FRAMEWORK_SEARCH_PATHS = (
					"$(SDKROOT)/Developer/Library/Frameworks",
					"$(inherited)",
				);
				INFOPLIST_FILE = BFGAlertControllerExampleTests/Info.plist;
				LD_RUNPATH_SEARCH_PATHS = "$(inherited) @executable_path/Frameworks @loader_path/Frameworks";
				PRODUCT_NAME = "$(TARGET_NAME)";
				TEST_HOST = "$(BUILT_PRODUCTS_DIR)/BFGAlertControllerExample.app/BFGAlertControllerExample";
			};
			name = Release;
		};
/* End XCBuildConfiguration section */

/* Begin XCConfigurationList section */
		4417BDAA1B41C67D0030A354 /* Build configuration list for PBXProject "BFGAlertControllerExample" */ = {
			isa = XCConfigurationList;
			buildConfigurations = (
				4417BDCC1B41C67D0030A354 /* Debug */,
				4417BDCD1B41C67D0030A354 /* Release */,
			);
			defaultConfigurationIsVisible = 0;
			defaultConfigurationName = Release;
		};
		4417BDCE1B41C67D0030A354 /* Build configuration list for PBXNativeTarget "BFGAlertControllerExample" */ = {
			isa = XCConfigurationList;
			buildConfigurations = (
				4417BDCF1B41C67D0030A354 /* Debug */,
				4417BDD01B41C67D0030A354 /* Release */,
			);
			defaultConfigurationIsVisible = 0;
		};
		4417BDD11B41C67D0030A354 /* Build configuration list for PBXNativeTarget "BFGAlertControllerExampleTests" */ = {
			isa = XCConfigurationList;
			buildConfigurations = (
				4417BDD21B41C67D0030A354 /* Debug */,
				4417BDD31B41C67D0030A354 /* Release */,
			);
			defaultConfigurationIsVisible = 0;
		};
/* End XCConfigurationList section */
	};
	rootObject = 4417BDA71B41C67D0030A354 /* Project object */;
}
